// !$*UTF8*$!
{
	archiveVersion = 1;
	classes = {
	};
	objectVersion = 46;
	objects = {

/* Begin PBXBuildFile section */
		B6B27C301E948D4F000D9BAE /* AppDelegate.swift in Sources */ = {isa = PBXBuildFile; fileRef = B6B27C2F1E948D4F000D9BAE /* AppDelegate.swift */; };
		B6B27C321E948D4F000D9BAE /* ViewController.swift in Sources */ = {isa = PBXBuildFile; fileRef = B6B27C311E948D4F000D9BAE /* ViewController.swift */; };
		B6B27C351E948D4F000D9BAE /* Main.storyboard in Resources */ = {isa = PBXBuildFile; fileRef = B6B27C331E948D4F000D9BAE /* Main.storyboard */; };
		B6B27C381E948D4F000D9BAE /* SoundBoard.xcdatamodeld in Sources */ = {isa = PBXBuildFile; fileRef = B6B27C361E948D4F000D9BAE /* SoundBoard.xcdatamodeld */; };
		B6B27C3A1E948D4F000D9BAE /* Assets.xcassets in Resources */ = {isa = PBXBuildFile; fileRef = B6B27C391E948D4F000D9BAE /* Assets.xcassets */; };
		B6B27C3D1E948D4F000D9BAE /* LaunchScreen.storyboard in Resources */ = {isa = PBXBuildFile; fileRef = B6B27C3B1E948D4F000D9BAE /* LaunchScreen.storyboard */; };
		B6B27C471E9490B0000D9BAE /* SoundViewController.swift in Sources */ = {isa = PBXBuildFile; fileRef = B6B27C461E9490B0000D9BAE /* SoundViewController.swift */; };
/* End PBXBuildFile section */

/* Begin PBXFileReference section */
		B6B27C2C1E948D4F000D9BAE /* SoundBoard.app */ = {isa = PBXFileReference; explicitFileType = wrapper.application; includeInIndex = 0; path = SoundBoard.app; sourceTree = BUILT_PRODUCTS_DIR; };
		B6B27C2F1E948D4F000D9BAE /* AppDelegate.swift */ = {isa = PBXFileReference; lastKnownFileType = sourcecode.swift; path = AppDelegate.swift; sourceTree = "<group>"; };
		B6B27C311E948D4F000D9BAE /* ViewController.swift */ = {isa = PBXFileReference; lastKnownFileType = sourcecode.swift; path = ViewController.swift; sourceTree = "<group>"; };
		B6B27C341E948D4F000D9BAE /* Base */ = {isa = PBXFileReference; lastKnownFileType = file.storyboard; name = Base; path = Base.lproj/Main.storyboard; sourceTree = "<group>"; };
		B6B27C371E948D4F000D9BAE /* SoundBoard.xcdatamodel */ = {isa = PBXFileReference; lastKnownFileType = wrapper.xcdatamodel; path = SoundBoard.xcdatamodel; sourceTree = "<group>"; };
		B6B27C391E948D4F000D9BAE /* Assets.xcassets */ = {isa = PBXFileReference; lastKnownFileType = folder.assetcatalog; path = Assets.xcassets; sourceTree = "<group>"; };
		B6B27C3C1E948D4F000D9BAE /* Base */ = {isa = PBXFileReference; lastKnownFileType = file.storyboard; name = Base; path = Base.lproj/LaunchScreen.storyboard; sourceTree = "<group>"; };
		B6B27C3E1E948D4F000D9BAE /* Info.plist */ = {isa = PBXFileReference; lastKnownFileType = text.plist.xml; path = Info.plist; sourceTree = "<group>"; };
		B6B27C461E9490B0000D9BAE /* SoundViewController.swift */ = {isa = PBXFileReference; fileEncoding = 4; lastKnownFileType = sourcecode.swift; name = SoundViewController.swift; path = ../SoundViewController.swift; sourceTree = "<group>"; };
/* End PBXFileReference section */

/* Begin PBXFrameworksBuildPhase section */
		B6B27C291E948D4F000D9BAE /* Frameworks */ = {
			isa = PBXFrameworksBuildPhase;
			buildActionMask = 2147483647;
			files = (
			);
			runOnlyForDeploymentPostprocessing = 0;
		};
/* End PBXFrameworksBuildPhase section */

/* Begin PBXGroup section */
		B6B27C231E948D4F000D9BAE = {
			isa = PBXGroup;
			children = (
				B6B27C2E1E948D4F000D9BAE /* SoundBoard */,
				B6B27C2D1E948D4F000D9BAE /* Products */,
			);
			sourceTree = "<group>";
		};
		B6B27C2D1E948D4F000D9BAE /* Products */ = {
			isa = PBXGroup;
			children = (
				B6B27C2C1E948D4F000D9BAE /* SoundBoard.app */,
			);
			name = Products;
			sourceTree = "<group>";
		};
		B6B27C2E1E948D4F000D9BAE /* SoundBoard */ = {
			isa = PBXGroup;
			children = (
				B6B27C2F1E948D4F000D9BAE /* AppDelegate.swift */,
				B6B27C311E948D4F000D9BAE /* ViewController.swift */,
				B6B27C461E9490B0000D9BAE /* SoundViewController.swift */,
				B6B27C331E948D4F000D9BAE /* Main.storyboard */,
				B6B27C391E948D4F000D9BAE /* Assets.xcassets */,
				B6B27C3B1E948D4F000D9BAE /* LaunchScreen.storyboard */,
				B6B27C3E1E948D4F000D9BAE /* Info.plist */,
				B6B27C361E948D4F000D9BAE /* SoundBoard.xcdatamodeld */,
			);
			path = SoundBoard;
			sourceTree = "<group>";
		};
/* End PBXGroup section */

/* Begin PBXNativeTarget section */
		B6B27C2B1E948D4F000D9BAE /* SoundBoard */ = {
			isa = PBXNativeTarget;
			buildConfigurationList = B6B27C411E948D4F000D9BAE /* Build configuration list for PBXNativeTarget "SoundBoard" */;
			buildPhases = (
				B6B27C281E948D4F000D9BAE /* Sources */,
				B6B27C291E948D4F000D9BAE /* Frameworks */,
				B6B27C2A1E948D4F000D9BAE /* Resources */,
			);
			buildRules = (
			);
			dependencies = (
			);
			name = SoundBoard;
			productName = SoundBoard;
			productReference = B6B27C2C1E948D4F000D9BAE /* SoundBoard.app */;
			productType = "com.apple.product-type.application";
		};
/* End PBXNativeTarget section */

/* Begin PBXProject section */
		B6B27C241E948D4F000D9BAE /* Project object */ = {
			isa = PBXProject;
			attributes = {
				LastSwiftUpdateCheck = 0830;
				LastUpgradeCheck = 0830;
				ORGANIZATIONNAME = "Derek Jacobs";
				TargetAttributes = {
					B6B27C2B1E948D4F000D9BAE = {
						CreatedOnToolsVersion = 8.3;
						ProvisioningStyle = Automatic;
					};
				};
			};
			buildConfigurationList = B6B27C271E948D4F000D9BAE /* Build configuration list for PBXProject "SoundBoard" */;
			compatibilityVersion = "Xcode 3.2";
			developmentRegion = English;
			hasScannedForEncodings = 0;
			knownRegions = (
				en,
				Base,
			);
			mainGroup = B6B27C231E948D4F000D9BAE;
			productRefGroup = B6B27C2D1E948D4F000D9BAE /* Products */;
			projectDirPath = "";
			projectRoot = "";
			targets = (
				B6B27C2B1E948D4F000D9BAE /* SoundBoard */,
			);
		};
/* End PBXProject section */

/* Begin PBXResourcesBuildPhase section */
		B6B27C2A1E948D4F000D9BAE /* Resources */ = {
			isa = PBXResourcesBuildPhase;
			buildActionMask = 2147483647;
			files = (
				B6B27C3D1E948D4F000D9BAE /* LaunchScreen.storyboard in Resources */,
				B6B27C3A1E948D4F000D9BAE /* Assets.xcassets in Resources */,
				B6B27C351E948D4F000D9BAE /* Main.storyboard in Resources */,
			);
			runOnlyForDeploymentPostprocessing = 0;
		};
/* End PBXResourcesBuildPhase section */

/* Begin PBXSourcesBuildPhase section */
		B6B27C281E948D4F000D9BAE /* Sources */ = {
			isa = PBXSourcesBuildPhase;
			buildActionMask = 2147483647;
			files = (
				B6B27C471E9490B0000D9BAE /* SoundViewController.swift in Sources */,
				B6B27C381E948D4F000D9BAE /* SoundBoard.xcdatamodeld in Sources */,
				B6B27C321E948D4F000D9BAE /* ViewController.swift in Sources */,
				B6B27C301E948D4F000D9BAE /* AppDelegate.swift in Sources */,
			);
			runOnlyForDeploymentPostprocessing = 0;
		};
/* End PBXSourcesBuildPhase section */

/* Begin PBXVariantGroup section */
		B6B27C331E948D4F000D9BAE /* Main.storyboard */ = {
			isa = PBXVariantGroup;
			children = (
				B6B27C341E948D4F000D9BAE /* Base */,
			);
			name = Main.storyboard;
			sourceTree = "<group>";
		};
		B6B27C3B1E948D4F000D9BAE /* LaunchScreen.storyboard */ = {
			isa = PBXVariantGroup;
			children = (
				B6B27C3C1E948D4F000D9BAE /* Base */,
			);
			name = LaunchScreen.storyboard;
			sourceTree = "<group>";
		};
/* End PBXVariantGroup section */

/* Begin XCBuildConfiguration section */
		B6B27C3F1E948D4F000D9BAE /* Debug */ = {
			isa = XCBuildConfiguration;
			buildSettings = {
				ALWAYS_SEARCH_USER_PATHS = NO;
				CLANG_ANALYZER_NONNULL = YES;
				CLANG_ANALYZER_NUMBER_OBJECT_CONVERSION = YES_AGGRESSIVE;
				CLANG_CXX_LANGUAGE_STANDARD = "gnu++0x";
				CLANG_CXX_LIBRARY = "libc++";
				CLANG_ENABLE_MODULES = YES;
				CLANG_ENABLE_OBJC_ARC = YES;
				CLANG_WARN_BOOL_CONVERSION = YES;
				CLANG_WARN_CONSTANT_CONVERSION = YES;
				CLANG_WARN_DIRECT_OBJC_ISA_USAGE = YES_ERROR;
				CLANG_WARN_DOCUMENTATION_COMMENTS = YES;
				CLANG_WARN_EMPTY_BODY = YES;
				CLANG_WARN_ENUM_CONVERSION = YES;
				CLANG_WARN_INFINITE_RECURSION = YES;
				CLANG_WARN_INT_CONVERSION = YES;
				CLANG_WARN_OBJC_ROOT_CLASS = YES_ERROR;
				CLANG_WARN_SUSPICIOUS_MOVE = YES;
				CLANG_WARN_UNREACHABLE_CODE = YES;
				CLANG_WARN__DUPLICATE_METHOD_MATCH = YES;
				"CODE_SIGN_IDENTITY[sdk=iphoneos*]" = "iPhone Developer";
				COPY_PHASE_STRIP = NO;
				DEBUG_INFORMATION_FORMAT = dwarf;
				ENABLE_STRICT_OBJC_MSGSEND = YES;
				ENABLE_TESTABILITY = YES;
				GCC_C_LANGUAGE_STANDARD = gnu99;
				GCC_DYNAMIC_NO_PIC = NO;
				GCC_NO_COMMON_BLOCKS = YES;
				GCC_OPTIMIZATION_LEVEL = 0;
				GCC_PREPROCESSOR_DEFINITIONS = (
					"DEBUG=1",
					"$(inherited)",
				);
				GCC_WARN_64_TO_32_BIT_CONVERSION = YES;
				GCC_WARN_ABOUT_RETURN_TYPE = YES_ERROR;
				GCC_WARN_UNDECLARED_SELECTOR = YES;
				GCC_WARN_UNINITIALIZED_AUTOS = YES_AGGRESSIVE;
				GCC_WARN_UNUSED_FUNCTION = YES;
				GCC_WARN_UNUSED_VARIABLE = YES;
				IPHONEOS_DEPLOYMENT_TARGET = 10.3;
				MTL_ENABLE_DEBUG_INFO = YES;
				ONLY_ACTIVE_ARCH = YES;
				SDKROOT = iphoneos;
				SWIFT_ACTIVE_COMPILATION_CONDITIONS = DEBUG;
				SWIFT_OPTIMIZATION_LEVEL = "-Onone";
				TARGETED_DEVICE_FAMILY = "1,2";
			};
			name = Debug;
		};
		B6B27C401E948D4F000D9BAE /* Release */ = {
			isa = XCBuildConfiguration;
			buildSettings = {
				ALWAYS_SEARCH_USER_PATHS = NO;
				CLANG_ANALYZER_NONNULL = YES;
				CLANG_ANALYZER_NUMBER_OBJECT_CONVERSION = YES_AGGRESSIVE;
				CLANG_CXX_LANGUAGE_STANDARD = "gnu++0x";
				CLANG_CXX_LIBRARY = "libc++";
				CLANG_ENABLE_MODULES = YES;
				CLANG_ENABLE_OBJC_ARC = YES;
				CLANG_WARN_BOOL_CONVERSION = YES;
				CLANG_WARN_CONSTANT_CONVERSION = YES;
				CLANG_WARN_DIRECT_OBJC_ISA_USAGE = YES_ERROR;
				CLANG_WARN_DOCUMENTATION_COMMENTS = YES;
				CLANG_WARN_EMPTY_BODY = YES;
				CLANG_WARN_ENUM_CONVERSION = YES;
				CLANG_WARN_INFINITE_RECURSION = YES;
				CLANG_WARN_INT_CONVERSION = YES;
				CLANG_WARN_OBJC_ROOT_CLASS = YES_ERROR;
				CLANG_WARN_SUSPICIOUS_MOVE = YES;
				CLANG_WARN_UNREACHABLE_CODE = YES;
				CLANG_WARN__DUPLICATE_METHOD_MATCH = YES;
				"CODE_SIGN_IDENTITY[sdk=iphoneos*]" = "iPhone Developer";
				COPY_PHASE_STRIP = NO;
				DEBUG_INFORMATION_FORMAT = "dwarf-with-dsym";
				ENABLE_NS_ASSERTIONS = NO;
				ENABLE_STRICT_OBJC_MSGSEND = YES;
				GCC_C_LANGUAGE_STANDARD = gnu99;
				GCC_NO_COMMON_BLOCKS = YES;
				GCC_WARN_64_TO_32_BIT_CONVERSION = YES;
				GCC_WARN_ABOUT_RETURN_TYPE = YES_ERROR;
				GCC_WARN_UNDECLARED_SELECTOR = YES;
				GCC_WARN_UNINITIALIZED_AUTOS = YES_AGGRESSIVE;
				GCC_WARN_UNUSED_FUNCTION = YES;
				GCC_WARN_UNUSED_VARIABLE = YES;
				IPHONEOS_DEPLOYMENT_TARGET = 10.3;
				MTL_ENABLE_DEBUG_INFO = NO;
				SDKROOT = iphoneos;
				SWIFT_OPTIMIZATION_LEVEL = "-Owholemodule";
				TARGETED_DEVICE_FAMILY = "1,2";
				VALIDATE_PRODUCT = YES;
			};
			name = Release;
		};
		B6B27C421E948D4F000D9BAE /* Debug */ = {
			isa = XCBuildConfiguration;
			buildSettings = {
				ASSETCATALOG_COMPILER_APPICON_NAME = AppIcon;
				INFOPLIST_FILE = SoundBoard/Info.plist;
				LD_RUNPATH_SEARCH_PATHS = "$(inherited) @executable_path/Frameworks";
				PRODUCT_BUNDLE_IDENTIFIER = "ES-1050.SoundBoard";
				PRODUCT_NAME = "$(TARGET_NAME)";
				SWIFT_VERSION = 3.0;
			};
			name = Debug;
		};
		B6B27C431E948D4F000D9BAE /* Release */ = {
			isa = XCBuildConfiguration;
			buildSettings = {
				ASSETCATALOG_COMPILER_APPICON_NAME = AppIcon;
				INFOPLIST_FILE = SoundBoard/Info.plist;
				LD_RUNPATH_SEARCH_PATHS = "$(inherited) @executable_path/Frameworks";
				PRODUCT_BUNDLE_IDENTIFIER = "ES-1050.SoundBoard";
				PRODUCT_NAME = "$(TARGET_NAME)";
				SWIFT_VERSION = 3.0;
			};
			name = Release;
		};
/* End XCBuildConfiguration section */

/* Begin XCConfigurationList section */
		B6B27C271E948D4F000D9BAE /* Build configuration list for PBXProject "SoundBoard" */ = {
			isa = XCConfigurationList;
			buildConfigurations = (
				B6B27C3F1E948D4F000D9BAE /* Debug */,
				B6B27C401E948D4F000D9BAE /* Release */,
			);
			defaultConfigurationIsVisible = 0;
			defaultConfigurationName = Release;
		};
		B6B27C411E948D4F000D9BAE /* Build configuration list for PBXNativeTarget "SoundBoard" */ = {
			isa = XCConfigurationList;
			buildConfigurations = (
				B6B27C421E948D4F000D9BAE /* Debug */,
				B6B27C431E948D4F000D9BAE /* Release */,
			);
			defaultConfigurationIsVisible = 0;
		};
/* End XCConfigurationList section */

/* Begin XCVersionGroup section */
		B6B27C361E948D4F000D9BAE /* SoundBoard.xcdatamodeld */ = {
			isa = XCVersionGroup;
			children = (
				B6B27C371E948D4F000D9BAE /* SoundBoard.xcdatamodel */,
			);
			currentVersion = B6B27C371E948D4F000D9BAE /* SoundBoard.xcdatamodel */;
			path = SoundBoard.xcdatamodeld;
			sourceTree = "<group>";
			versionGroupType = wrapper.xcdatamodel;
		};
/* End XCVersionGroup section */
	};
	rootObject = B6B27C241E948D4F000D9BAE /* Project object */;
}
